hash: 6d41718d1d5447402808c90534380f9217a2d8c2d9e14017d1210ae70d1f972b
updated: 2016-07-11T18:38:15.633710961-03:00
imports:
- name: github.com/inconshreveable/mousetrap
  version: 76626ae9c91c4f2a10f34cad8ce83ea42c93bb75
- name: github.com/klauspost/compress
  version: 14eb9c4951195779ecfbec34431a976de7335b0a
  subpackages:
  - flate
  - gzip
  - zlib
- name: github.com/klauspost/cpuid
  version: 09cded8978dc9e80714c4d85b0322337b0a1e5e0
- name: github.com/klauspost/crc32
  version: 19b0b332c9e4516a6370a0456e6182c3b5036720
- name: github.com/mreiferson/go-snappystream
  version: 028eae7ab5c4c9e2d1cb4c4ca1e53259bbe7e504
  subpackages:
  - snappy-go
- name: github.com/nsqio/go-nsq
  version: d71fb89c9e0263aaed89645b0b168e11ccf597b1
- name: github.com/onsi/ginkgo
  version: 462326b1628e124b23f42e87a8f2750e3c4e2d24
- name: github.com/onsi/gomega
  version: a78ae492d53aad5a7a232d0d0462c14c400e3ee7
- name: github.com/spf13/cobra
  version: a272c3cbd5ff80a5bf5c5603df50183f9f3f7324
- name: github.com/spf13/pflag
  version: 367864438f1b1a3c7db4da06a2f55b144e6784e0
- name: github.com/valyala/bytebufferpool
  version: a517d2d1537f5b02e9f6c23d4794160c6c2bc157
- name: github.com/valyala/fasthttp
  version: 97d96cb3b7feaf22ce9b813313cd8ae20b3589b9
  subpackages:
  - fasthttputil
testImports: []
