hash: 1fe501c88c1f49122ae903818ad700e0a163d18a102212f823eb38992787fe63
updated: 2016-11-01T11:31:10.720223532-02:00
imports:
- name: github.com/BurntSushi/toml
  version: 99064174e013895bbd9b025c31100bd1d9b590ca
- name: github.com/fsnotify/fsnotify
  version: a8a77c9133d2d6fd8334f3260d06f60e8d80a5fb
- name: github.com/getsentry/raven-go
  version: c9d3cc542ad199f62c0264286be537f9bce6063c
- name: github.com/hashicorp/hcl
  version: d8c773c4cba11b11539e3d45f93daeaa5dcf1fa1
  subpackages:
  - hcl/ast
  - hcl/parser
  - hcl/token
  - json/parser
  - hcl/scanner
  - hcl/strconv
  - json/scanner
  - json/token
- name: github.com/inconshreveable/mousetrap
  version: 76626ae9c91c4f2a10f34cad8ce83ea42c93bb75
- name: github.com/Joker/jade
  version: db4d7e4f68708c5020c392b380e3565df2132840
- name: github.com/klauspost/compress
  version: 08fe86a420401e830c24114bdf9f1ba91331407a
  subpackages:
  - flate
  - gzip
  - zlib
- name: github.com/klauspost/cpuid
  version: 09cded8978dc9e80714c4d85b0322337b0a1e5e0
- name: github.com/klauspost/crc32
  version: 19b0b332c9e4516a6370a0456e6182c3b5036720
- name: github.com/kr/fs
  version: 2788f0dbd16903de03cb8186e5c7d97b69ad387b
- name: github.com/labstack/echo
  version: 04e6901d05b58ddbae579a6252a3d1bb3f334adc
  subpackages:
  - engine
  - engine/fasthttp
  - engine/standard
  - log
- name: github.com/labstack/gommon
  version: 431777a5117c8de4352a400dad1e2a55f484b189
  subpackages:
  - log
  - color
- name: github.com/magiconair/properties
  version: 61b492c03cf472e0c6419be5899b8e0dc28b1b88
- name: github.com/mattn/go-colorable
  version: ed8eb9e318d7a84ce5915b495b7d35e0cfe7b5a8
- name: github.com/mattn/go-isatty
  version: 66b8e73f3f5cda9f96b69efd03dd3d7fc4a5cdb8
- name: github.com/mitchellh/mapstructure
  version: ca63d7c062ee3c9f34db231e352b60012b4fd0c1
- name: github.com/newrelic/go-agent
  version: 372845e16294c9fa73951b27d5631b601643fc51
- name: github.com/onsi/ginkgo
  version: 462326b1628e124b23f42e87a8f2750e3c4e2d24
- name: github.com/onsi/gomega
  version: a78ae492d53aad5a7a232d0d0462c14c400e3ee7
  subpackages:
  - types
- name: github.com/pkg/errors
  version: a22138067af1c4942683050411a841ade67fe1eb
- name: github.com/pkg/sftp
  version: a71e8f580e3b622ebff585309160b1cc549ef4d2
- name: github.com/rcrowley/go-metrics
  version: bdb33529eca3e55eac7328e07c57012a797af602
- name: github.com/satori/go.uuid
  version: 0aa62d5ddceb50dbcb909d790b5345affd3669b6
- name: github.com/spf13/afero
  version: b28a7effac979219c2a2ed6205a4d70e4b1bcd02
  subpackages:
  - mem
  - sftp
- name: github.com/spf13/cast
  version: e31f36ffc91a2ba9ddb72a4b6a607ff9b3d3cb63
- name: github.com/spf13/cobra
  version: 7c674d9e72017ed25f6d2b5e497a1368086b6a6f
- name: github.com/spf13/jwalterweatherman
  version: 33c24e77fb80341fe7130ee7c594256ff08ccc46
- name: github.com/spf13/pflag
  version: 6454a84b6da0ea8b628d5d8a26759f62c6c161b4
- name: github.com/spf13/viper
  version: 654fc7bb54d0c138ef80405ff577391f79c0c32d
- name: github.com/uber-go/atomic
  version: 0c9e689d64f004564b79d9a663634756df322902
- name: github.com/uber-go/zap
  version: d11d2851fcabcf03421c4dbdbc3146fc74eb1035
- name: github.com/valyala/bytebufferpool
  version: e746df99fe4a3986f4d4f79e13c1e0117ce9c2f7
- name: github.com/valyala/fasthttp
  version: 834fb48f10402a9c58ed0637ec47ba0d91f201c8
  subpackages:
  - fasthttputil
- name: github.com/valyala/fasttemplate
  version: 3b874956e03f1636d171bda64b130f9135f42cff
- name: golang.org/x/crypto
  version: 88d0005bf4c3ec17306ecaca4281a8d8efd73e91
  subpackages:
  - ssh
  - curve25519
  - ed25519
  - ed25519/internal/edwards25519
- name: golang.org/x/net
  version: 07b51741c1d6423d4a6abab1c49940ec09cb1aaf
  subpackages:
  - context
- name: golang.org/x/sys
  version: a646d33e2ee3172a661fc09bca23bb4889a41bc8
  subpackages:
  - unix
- name: golang.org/x/text
  version: d69c40b4be55797923cec7457fac7a244d91a9b6
  subpackages:
  - transform
  - unicode/norm
- name: gopkg.in/bsm/ratelimit.v1
  version: db14e161995a5177acef654cb0dd785e8ee8bc22
- name: gopkg.in/gavv/httpexpect.v1
  version: dc339328a5b3638045ba972e16b5ac6c0f46c796
- name: gopkg.in/redis.v4
  version: 8a8d997ad58dc600d2ff0f64914102192f3b51ac
  subpackages:
  - internal
  - internal/consistenthash
  - internal/errors
  - internal/hashtag
  - internal/pool
  - internal/proto
- name: gopkg.in/yaml.v2
  version: e4d366fc3c7938e2958e662b4258c7a89e1f0e3e
devImports: []
